
Microsoft Visual Studio Solution File, Format Version 12.00
# Visual Studio Version 17
VisualStudioVersion = 17.10.34928.147
MinimumVisualStudioVersion = 10.0.40219.1
Project("{FAE04EC0-301F-11D3-BF4B-00C04F79EFBC}") = "IdentityWithRazorPage", "IdentityWithRazorPage\IdentityWithRazorPage.csproj", "{12EF11D5-2140-4380-A45C-7F6DAE85974E}"
EndProject
Global
	GlobalSection(SolutionConfigurationPlatforms) = preSolution
		Debug|Any CPU = Debug|Any CPU
		Release|Any CPU = Release|Any CPU
	EndGlobalSection
	GlobalSection(ProjectConfigurationPlatforms) = postSolution
		{12EF11D5-2140-4380-A45C-7F6DAE85974E}.Debug|Any CPU.ActiveCfg = Debug|Any CPU
		{12EF11D5-2140-4380-A45C-7F6DAE85974E}.Debug|Any CPU.Build.0 = Debug|Any CPU
		{12EF11D5-2140-4380-A45C-7F6DAE85974E}.Release|Any CPU.ActiveCfg = Release|Any CPU
		{12EF11D5-2140-4380-A45C-7F6DAE85974E}.Release|Any CPU.Build.0 = Release|Any CPU
	EndGlobalSection
	GlobalSection(SolutionProperties) = preSolution
		HideSolutionNode = FALSE
	EndGlobalSection
	GlobalSection(ExtensibilityGlobals) = postSolution
		SolutionGuid = {E973556A-A7AD-4749-8697-60328C4C377D}
	EndGlobalSection
EndGlobal
